
Microsoft Visual Studio Solution File, Format Version 12.00
# Visual Studio Version 16
VisualStudioVersion = 16.0.29324.140
MinimumVisualStudioVersion = 10.0.40219.1
Project("{9A19103F-16F7-4668-BE54-9A1E7A4F7556}") = "BrottISverigeWorker", "src\brott-i-sverige-worker\BrottISverigeWorker.csproj", "{D63FA287-5FFA-4539-9F93-2E49F7335932}"
EndProject
Project("{FAE04EC0-301F-11D3-BF4B-00C04F79EFBC}") = "BrottISverigeWorker.Application", "src\BrottISverigeWorker.Application\BrottISverigeWorker.Application.csproj", "{71BA80C1-05F3-40A1-81B5-79C2B93D7CF6}"
EndProject
Project("{FAE04EC0-301F-11D3-BF4B-00C04F79EFBC}") = "BrottISverigeWorker.Models", "src\BrottISverigeWorker.Models\BrottISverigeWorker.Models.csproj", "{579F4216-26C8-4649-ACD0-111F4F6203FE}"
EndProject
Project("{FAE04EC0-301F-11D3-BF4B-00C04F79EFBC}") = "BrottISverigeWorker.Common", "BrottISverigeWorker.Common\BrottISverigeWorker.Common.csproj", "{372926CA-9162-4EE4-B907-C3BECAD68E5D}"
EndProject
Global
	GlobalSection(SolutionConfigurationPlatforms) = preSolution
		Debug|Any CPU = Debug|Any CPU
		Release|Any CPU = Release|Any CPU
	EndGlobalSection
	GlobalSection(ProjectConfigurationPlatforms) = postSolution
		{D63FA287-5FFA-4539-9F93-2E49F7335932}.Debug|Any CPU.ActiveCfg = Debug|Any CPU
		{D63FA287-5FFA-4539-9F93-2E49F7335932}.Debug|Any CPU.Build.0 = Debug|Any CPU
		{D63FA287-5FFA-4539-9F93-2E49F7335932}.Release|Any CPU.ActiveCfg = Release|Any CPU
		{D63FA287-5FFA-4539-9F93-2E49F7335932}.Release|Any CPU.Build.0 = Release|Any CPU
		{71BA80C1-05F3-40A1-81B5-79C2B93D7CF6}.Debug|Any CPU.ActiveCfg = Debug|Any CPU
		{71BA80C1-05F3-40A1-81B5-79C2B93D7CF6}.Debug|Any CPU.Build.0 = Debug|Any CPU
		{71BA80C1-05F3-40A1-81B5-79C2B93D7CF6}.Release|Any CPU.ActiveCfg = Release|Any CPU
		{71BA80C1-05F3-40A1-81B5-79C2B93D7CF6}.Release|Any CPU.Build.0 = Release|Any CPU
		{579F4216-26C8-4649-ACD0-111F4F6203FE}.Debug|Any CPU.ActiveCfg = Debug|Any CPU
		{579F4216-26C8-4649-ACD0-111F4F6203FE}.Debug|Any CPU.Build.0 = Debug|Any CPU
		{579F4216-26C8-4649-ACD0-111F4F6203FE}.Release|Any CPU.ActiveCfg = Release|Any CPU
		{579F4216-26C8-4649-ACD0-111F4F6203FE}.Release|Any CPU.Build.0 = Release|Any CPU
		{372926CA-9162-4EE4-B907-C3BECAD68E5D}.Debug|Any CPU.ActiveCfg = Debug|Any CPU
		{372926CA-9162-4EE4-B907-C3BECAD68E5D}.Debug|Any CPU.Build.0 = Debug|Any CPU
		{372926CA-9162-4EE4-B907-C3BECAD68E5D}.Release|Any CPU.ActiveCfg = Release|Any CPU
		{372926CA-9162-4EE4-B907-C3BECAD68E5D}.Release|Any CPU.Build.0 = Release|Any CPU
	EndGlobalSection
	GlobalSection(SolutionProperties) = preSolution
		HideSolutionNode = FALSE
	EndGlobalSection
	GlobalSection(ExtensibilityGlobals) = postSolution
		SolutionGuid = {6451CE7E-E02E-4609-AB4A-88D7F95CE71E}
	EndGlobalSection
EndGlobal
